// !$*UTF8*$!
{
	archiveVersion = 1;
	classes = {
	};
	objectVersion = 50;
	objects = {

/* Begin PBXBuildFile section */
		F48FE4952746AB6D00950EBE /* AppDelegate.swift in Sources */ = {isa = PBXBuildFile; fileRef = F48FE4942746AB6D00950EBE /* AppDelegate.swift */; };
		F48FE49C2746AB6D00950EBE /* Main.storyboard in Resources */ = {isa = PBXBuildFile; fileRef = F48FE49A2746AB6D00950EBE /* Main.storyboard */; };
		F48FE49E2746AB6E00950EBE /* Assets.xcassets in Resources */ = {isa = PBXBuildFile; fileRef = F48FE49D2746AB6E00950EBE /* Assets.xcassets */; };
		F48FE4A12746AB6E00950EBE /* LaunchScreen.storyboard in Resources */ = {isa = PBXBuildFile; fileRef = F48FE49F2746AB6E00950EBE /* LaunchScreen.storyboard */; };
		F48FE4AC2746AB6E00950EBE /* CoffeeShopCoShiftTests.swift in Sources */ = {isa = PBXBuildFile; fileRef = F48FE4AB2746AB6E00950EBE /* CoffeeShopCoShiftTests.swift */; };
		F48FE4B72746AB6E00950EBE /* CoffeeShopCoShiftUITests.swift in Sources */ = {isa = PBXBuildFile; fileRef = F48FE4B62746AB6E00950EBE /* CoffeeShopCoShiftUITests.swift */; };
		F48FE4C62746ABDA00950EBE /* main.swift in Sources */ = {isa = PBXBuildFile; fileRef = F48FE4C52746ABDA00950EBE /* main.swift */; };
		F48FE4C82746AC5700950EBE /* CoffeeShiftViewController.swift in Sources */ = {isa = PBXBuildFile; fileRef = F48FE4C72746AC5700950EBE /* CoffeeShiftViewController.swift */; };
		F48FE4D52746AD3200950EBE /* Storyboarded.swift in Sources */ = {isa = PBXBuildFile; fileRef = F48FE4D12746AD3200950EBE /* Storyboarded.swift */; };
		F48FE4D62746AD3200950EBE /* Coordinator.swift in Sources */ = {isa = PBXBuildFile; fileRef = F48FE4D22746AD3200950EBE /* Coordinator.swift */; };
		F48FE4DA2746AD9400950EBE /* UITableView+Ext.swift in Sources */ = {isa = PBXBuildFile; fileRef = F48FE4D92746AD9400950EBE /* UITableView+Ext.swift */; };
		F48FE4DC2746AEA400950EBE /* CoffeeShiftCoordinator.swift in Sources */ = {isa = PBXBuildFile; fileRef = F48FE4DB2746AEA400950EBE /* CoffeeShiftCoordinator.swift */; };
		F48FE4DE2746B0E900950EBE /* shifts.json in Resources */ = {isa = PBXBuildFile; fileRef = F48FE4DD2746B0E900950EBE /* shifts.json */; };
		F48FE4E72746B1DE00950EBE /* CoffeeShiftsService.swift in Sources */ = {isa = PBXBuildFile; fileRef = F48FE4E12746B1DE00950EBE /* CoffeeShiftsService.swift */; };
		F48FE4E82746B1DE00950EBE /* CoffeeShifts.swift in Sources */ = {isa = PBXBuildFile; fileRef = F48FE4E32746B1DE00950EBE /* CoffeeShifts.swift */; };
		F48FE4E92746B1DE00950EBE /* Shift.swift in Sources */ = {isa = PBXBuildFile; fileRef = F48FE4E42746B1DE00950EBE /* Shift.swift */; };
		F48FE4EA2746B1DE00950EBE /* CoffeeShiftsServiceProtocol.swift in Sources */ = {isa = PBXBuildFile; fileRef = F48FE4E62746B1DE00950EBE /* CoffeeShiftsServiceProtocol.swift */; };
		F48FE4EF2746B21100950EBE /* NetworkService.swift in Sources */ = {isa = PBXBuildFile; fileRef = F48FE4EC2746B21100950EBE /* NetworkService.swift */; };
		F48FE4F02746B21100950EBE /* Resource.swift in Sources */ = {isa = PBXBuildFile; fileRef = F48FE4ED2746B21100950EBE /* Resource.swift */; };
		F48FE4F12746B21100950EBE /* Client.swift in Sources */ = {isa = PBXBuildFile; fileRef = F48FE4EE2746B21100950EBE /* Client.swift */; };
		F48FE4F32746B2FA00950EBE /* KeyedDecodingContainer+Convenience.swift in Sources */ = {isa = PBXBuildFile; fileRef = F48FE4F22746B2FA00950EBE /* KeyedDecodingContainer+Convenience.swift */; };
		F48FE4F52746B54100950EBE /* DateFormatter+Format.swift in Sources */ = {isa = PBXBuildFile; fileRef = F48FE4F42746B54100950EBE /* DateFormatter+Format.swift */; };
		F48FE4F72746B5DC00950EBE /* Constants.swift in Sources */ = {isa = PBXBuildFile; fileRef = F48FE4F62746B5DC00950EBE /* Constants.swift */; };
		F48FE4F92746B6D400950EBE /* Constants+Urls.swift in Sources */ = {isa = PBXBuildFile; fileRef = F48FE4F82746B6D400950EBE /* Constants+Urls.swift */; };
		F48FE4FB2746BCCC00950EBE /* CoffeeShiftsViewModel.swift in Sources */ = {isa = PBXBuildFile; fileRef = F48FE4FA2746BCCC00950EBE /* CoffeeShiftsViewModel.swift */; };
		F48FE5002746BD4400950EBE /* CoffeeShiftCellViewModel.swift in Sources */ = {isa = PBXBuildFile; fileRef = F48FE4FF2746BD4400950EBE /* CoffeeShiftCellViewModel.swift */; };
		F48FE5032746BEF100950EBE /* CoffeeShiftCell.swift in Sources */ = {isa = PBXBuildFile; fileRef = F48FE5012746BEF100950EBE /* CoffeeShiftCell.swift */; };
		F48FE5042746BEF100950EBE /* CoffeeShiftCell.xib in Resources */ = {isa = PBXBuildFile; fileRef = F48FE5022746BEF100950EBE /* CoffeeShiftCell.xib */; };
		F48FE5072746C04200950EBE /* Adapter.swift in Sources */ = {isa = PBXBuildFile; fileRef = F48FE5062746C04200950EBE /* Adapter.swift */; };
		F48FE50B2746E2D700950EBE /* UIView+Ext.swift in Sources */ = {isa = PBXBuildFile; fileRef = F48FE50A2746E2D700950EBE /* UIView+Ext.swift */; };
		F48FE50D2746E38500950EBE /* Color.swift in Sources */ = {isa = PBXBuildFile; fileRef = F48FE50C2746E38500950EBE /* Color.swift */; };
		F48FE50F2746E47600950EBE /* .gitignore in Resources */ = {isa = PBXBuildFile; fileRef = F48FE50E2746E47600950EBE /* .gitignore */; };
		F48FE51227476ECF00950EBE /* CreateShiftViewController.swift in Sources */ = {isa = PBXBuildFile; fileRef = F48FE51127476ECF00950EBE /* CreateShiftViewController.swift */; };
		F48FE51427476F0A00950EBE /* CreateShiftViewModel.swift in Sources */ = {isa = PBXBuildFile; fileRef = F48FE51327476F0900950EBE /* CreateShiftViewModel.swift */; };
		F48FE51627476F4000950EBE /* CreateShiftCoordinator.swift in Sources */ = {isa = PBXBuildFile; fileRef = F48FE51527476F4000950EBE /* CreateShiftCoordinator.swift */; };
/* End PBXBuildFile section */

/* Begin PBXContainerItemProxy section */
		F48FE4A82746AB6E00950EBE /* PBXContainerItemProxy */ = {
			isa = PBXContainerItemProxy;
			containerPortal = F48FE4892746AB6D00950EBE /* Project object */;
			proxyType = 1;
			remoteGlobalIDString = F48FE4902746AB6D00950EBE;
			remoteInfo = CoffeeShopCoShift;
		};
		F48FE4B32746AB6E00950EBE /* PBXContainerItemProxy */ = {
			isa = PBXContainerItemProxy;
			containerPortal = F48FE4892746AB6D00950EBE /* Project object */;
			proxyType = 1;
			remoteGlobalIDString = F48FE4902746AB6D00950EBE;
			remoteInfo = CoffeeShopCoShift;
		};
/* End PBXContainerItemProxy section */

/* Begin PBXFileReference section */
		F48FE4912746AB6D00950EBE /* CoffeeShopCoShift.app */ = {isa = PBXFileReference; explicitFileType = wrapper.application; includeInIndex = 0; path = CoffeeShopCoShift.app; sourceTree = BUILT_PRODUCTS_DIR; };
		F48FE4942746AB6D00950EBE /* AppDelegate.swift */ = {isa = PBXFileReference; lastKnownFileType = sourcecode.swift; path = AppDelegate.swift; sourceTree = "<group>"; };
		F48FE49B2746AB6D00950EBE /* Base */ = {isa = PBXFileReference; lastKnownFileType = file.storyboard; name = Base; path = Base.lproj/Main.storyboard; sourceTree = "<group>"; };
		F48FE49D2746AB6E00950EBE /* Assets.xcassets */ = {isa = PBXFileReference; lastKnownFileType = folder.assetcatalog; path = Assets.xcassets; sourceTree = "<group>"; };
		F48FE4A02746AB6E00950EBE /* Base */ = {isa = PBXFileReference; lastKnownFileType = file.storyboard; name = Base; path = Base.lproj/LaunchScreen.storyboard; sourceTree = "<group>"; };
		F48FE4A22746AB6E00950EBE /* Info.plist */ = {isa = PBXFileReference; lastKnownFileType = text.plist.xml; path = Info.plist; sourceTree = "<group>"; };
		F48FE4A72746AB6E00950EBE /* CoffeeShopCoShiftTests.xctest */ = {isa = PBXFileReference; explicitFileType = wrapper.cfbundle; includeInIndex = 0; path = CoffeeShopCoShiftTests.xctest; sourceTree = BUILT_PRODUCTS_DIR; };
		F48FE4AB2746AB6E00950EBE /* CoffeeShopCoShiftTests.swift */ = {isa = PBXFileReference; lastKnownFileType = sourcecode.swift; path = CoffeeShopCoShiftTests.swift; sourceTree = "<group>"; };
		F48FE4AD2746AB6E00950EBE /* Info.plist */ = {isa = PBXFileReference; lastKnownFileType = text.plist.xml; path = Info.plist; sourceTree = "<group>"; };
		F48FE4B22746AB6E00950EBE /* CoffeeShopCoShiftUITests.xctest */ = {isa = PBXFileReference; explicitFileType = wrapper.cfbundle; includeInIndex = 0; path = CoffeeShopCoShiftUITests.xctest; sourceTree = BUILT_PRODUCTS_DIR; };
		F48FE4B62746AB6E00950EBE /* CoffeeShopCoShiftUITests.swift */ = {isa = PBXFileReference; lastKnownFileType = sourcecode.swift; path = CoffeeShopCoShiftUITests.swift; sourceTree = "<group>"; };
		F48FE4B82746AB6E00950EBE /* Info.plist */ = {isa = PBXFileReference; lastKnownFileType = text.plist.xml; path = Info.plist; sourceTree = "<group>"; };
		F48FE4C52746ABDA00950EBE /* main.swift */ = {isa = PBXFileReference; lastKnownFileType = sourcecode.swift; path = main.swift; sourceTree = "<group>"; };
		F48FE4C72746AC5700950EBE /* CoffeeShiftViewController.swift */ = {isa = PBXFileReference; lastKnownFileType = sourcecode.swift; path = CoffeeShiftViewController.swift; sourceTree = "<group>"; };
		F48FE4D12746AD3200950EBE /* Storyboarded.swift */ = {isa = PBXFileReference; fileEncoding = 4; lastKnownFileType = sourcecode.swift; path = Storyboarded.swift; sourceTree = "<group>"; };
		F48FE4D22746AD3200950EBE /* Coordinator.swift */ = {isa = PBXFileReference; fileEncoding = 4; lastKnownFileType = sourcecode.swift; path = Coordinator.swift; sourceTree = "<group>"; };
		F48FE4D92746AD9400950EBE /* UITableView+Ext.swift */ = {isa = PBXFileReference; fileEncoding = 4; lastKnownFileType = sourcecode.swift; path = "UITableView+Ext.swift"; sourceTree = "<group>"; };
		F48FE4DB2746AEA400950EBE /* CoffeeShiftCoordinator.swift */ = {isa = PBXFileReference; lastKnownFileType = sourcecode.swift; path = CoffeeShiftCoordinator.swift; sourceTree = "<group>"; };
		F48FE4DD2746B0E900950EBE /* shifts.json */ = {isa = PBXFileReference; lastKnownFileType = text.json; path = shifts.json; sourceTree = "<group>"; };
		F48FE4E12746B1DE00950EBE /* CoffeeShiftsService.swift */ = {isa = PBXFileReference; fileEncoding = 4; lastKnownFileType = sourcecode.swift; path = CoffeeShiftsService.swift; sourceTree = "<group>"; };
		F48FE4E32746B1DE00950EBE /* CoffeeShifts.swift */ = {isa = PBXFileReference; fileEncoding = 4; lastKnownFileType = sourcecode.swift; path = CoffeeShifts.swift; sourceTree = "<group>"; };
		F48FE4E42746B1DE00950EBE /* Shift.swift */ = {isa = PBXFileReference; fileEncoding = 4; lastKnownFileType = sourcecode.swift; path = Shift.swift; sourceTree = "<group>"; };
		F48FE4E62746B1DE00950EBE /* CoffeeShiftsServiceProtocol.swift */ = {isa = PBXFileReference; fileEncoding = 4; lastKnownFileType = sourcecode.swift; path = CoffeeShiftsServiceProtocol.swift; sourceTree = "<group>"; };
		F48FE4EC2746B21100950EBE /* NetworkService.swift */ = {isa = PBXFileReference; fileEncoding = 4; lastKnownFileType = sourcecode.swift; path = NetworkService.swift; sourceTree = "<group>"; };
		F48FE4ED2746B21100950EBE /* Resource.swift */ = {isa = PBXFileReference; fileEncoding = 4; lastKnownFileType = sourcecode.swift; path = Resource.swift; sourceTree = "<group>"; };
		F48FE4EE2746B21100950EBE /* Client.swift */ = {isa = PBXFileReference; fileEncoding = 4; lastKnownFileType = sourcecode.swift; path = Client.swift; sourceTree = "<group>"; };
		F48FE4F22746B2FA00950EBE /* KeyedDecodingContainer+Convenience.swift */ = {isa = PBXFileReference; fileEncoding = 4; lastKnownFileType = sourcecode.swift; path = "KeyedDecodingContainer+Convenience.swift"; sourceTree = "<group>"; };
		F48FE4F42746B54100950EBE /* DateFormatter+Format.swift */ = {isa = PBXFileReference; fileEncoding = 4; lastKnownFileType = sourcecode.swift; path = "DateFormatter+Format.swift"; sourceTree = "<group>"; };
		F48FE4F62746B5DC00950EBE /* Constants.swift */ = {isa = PBXFileReference; fileEncoding = 4; lastKnownFileType = sourcecode.swift; path = Constants.swift; sourceTree = "<group>"; };
		F48FE4F82746B6D400950EBE /* Constants+Urls.swift */ = {isa = PBXFileReference; fileEncoding = 4; lastKnownFileType = sourcecode.swift; path = "Constants+Urls.swift"; sourceTree = "<group>"; };
		F48FE4FA2746BCCC00950EBE /* CoffeeShiftsViewModel.swift */ = {isa = PBXFileReference; lastKnownFileType = sourcecode.swift; path = CoffeeShiftsViewModel.swift; sourceTree = "<group>"; };
		F48FE4FF2746BD4400950EBE /* CoffeeShiftCellViewModel.swift */ = {isa = PBXFileReference; lastKnownFileType = sourcecode.swift; path = CoffeeShiftCellViewModel.swift; sourceTree = "<group>"; };
		F48FE5012746BEF100950EBE /* CoffeeShiftCell.swift */ = {isa = PBXFileReference; lastKnownFileType = sourcecode.swift; path = CoffeeShiftCell.swift; sourceTree = "<group>"; };
		F48FE5022746BEF100950EBE /* CoffeeShiftCell.xib */ = {isa = PBXFileReference; lastKnownFileType = file.xib; path = CoffeeShiftCell.xib; sourceTree = "<group>"; };
		F48FE5062746C04200950EBE /* Adapter.swift */ = {isa = PBXFileReference; fileEncoding = 4; lastKnownFileType = sourcecode.swift; path = Adapter.swift; sourceTree = "<group>"; };
		F48FE50A2746E2D700950EBE /* UIView+Ext.swift */ = {isa = PBXFileReference; lastKnownFileType = sourcecode.swift; path = "UIView+Ext.swift"; sourceTree = "<group>"; };
		F48FE50C2746E38500950EBE /* Color.swift */ = {isa = PBXFileReference; lastKnownFileType = sourcecode.swift; path = Color.swift; sourceTree = "<group>"; };
		F48FE50E2746E47600950EBE /* .gitignore */ = {isa = PBXFileReference; fileEncoding = 4; lastKnownFileType = text; path = .gitignore; sourceTree = "<group>"; };
		F48FE51127476ECF00950EBE /* CreateShiftViewController.swift */ = {isa = PBXFileReference; lastKnownFileType = sourcecode.swift; path = CreateShiftViewController.swift; sourceTree = "<group>"; };
		F48FE51327476F0900950EBE /* CreateShiftViewModel.swift */ = {isa = PBXFileReference; lastKnownFileType = sourcecode.swift; path = CreateShiftViewModel.swift; sourceTree = "<group>"; };
		F48FE51527476F4000950EBE /* CreateShiftCoordinator.swift */ = {isa = PBXFileReference; lastKnownFileType = sourcecode.swift; path = CreateShiftCoordinator.swift; sourceTree = "<group>"; };
/* End PBXFileReference section */

/* Begin PBXFrameworksBuildPhase section */
		F48FE48E2746AB6D00950EBE /* Frameworks */ = {
			isa = PBXFrameworksBuildPhase;
			buildActionMask = 2147483647;
			files = (
			);
			runOnlyForDeploymentPostprocessing = 0;
		};
		F48FE4A42746AB6E00950EBE /* Frameworks */ = {
			isa = PBXFrameworksBuildPhase;
			buildActionMask = 2147483647;
			files = (
			);
			runOnlyForDeploymentPostprocessing = 0;
		};
		F48FE4AF2746AB6E00950EBE /* Frameworks */ = {
			isa = PBXFrameworksBuildPhase;
			buildActionMask = 2147483647;
			files = (
			);
			runOnlyForDeploymentPostprocessing = 0;
		};
/* End PBXFrameworksBuildPhase section */

/* Begin PBXGroup section */
		F48FE4882746AB6D00950EBE = {
			isa = PBXGroup;
			children = (
				F48FE4C42746AB9300950EBE /* Configuration */,
				F48FE4932746AB6D00950EBE /* CoffeeShopCoShift */,
				F48FE4AA2746AB6E00950EBE /* CoffeeShopCoShiftTests */,
				F48FE4B52746AB6E00950EBE /* CoffeeShopCoShiftUITests */,
				F48FE4922746AB6D00950EBE /* Products */,
			);
			sourceTree = "<group>";
		};
		F48FE4922746AB6D00950EBE /* Products */ = {
			isa = PBXGroup;
			children = (
				F48FE4912746AB6D00950EBE /* CoffeeShopCoShift.app */,
				F48FE4A72746AB6E00950EBE /* CoffeeShopCoShiftTests.xctest */,
				F48FE4B22746AB6E00950EBE /* CoffeeShopCoShiftUITests.xctest */,
			);
			name = Products;
			sourceTree = "<group>";
		};
		F48FE4932746AB6D00950EBE /* CoffeeShopCoShift */ = {
			isa = PBXGroup;
			children = (
				F48FE4C52746ABDA00950EBE /* main.swift */,
				F48FE4942746AB6D00950EBE /* AppDelegate.swift */,
				F48FE49A2746AB6D00950EBE /* Main.storyboard */,
				F48FE49F2746AB6E00950EBE /* LaunchScreen.storyboard */,
				F48FE4CA2746AC9C00950EBE /* Layers */,
				F48FE4CF2746ACFF00950EBE /* Core */,
				F48FE4C92746AC9100950EBE /* Resources */,
			);
			path = CoffeeShopCoShift;
			sourceTree = "<group>";
		};
		F48FE4AA2746AB6E00950EBE /* CoffeeShopCoShiftTests */ = {
			isa = PBXGroup;
			children = (
				F48FE4AB2746AB6E00950EBE /* CoffeeShopCoShiftTests.swift */,
				F48FE4AD2746AB6E00950EBE /* Info.plist */,
			);
			path = CoffeeShopCoShiftTests;
			sourceTree = "<group>";
		};
		F48FE4B52746AB6E00950EBE /* CoffeeShopCoShiftUITests */ = {
			isa = PBXGroup;
			children = (
				F48FE4B62746AB6E00950EBE /* CoffeeShopCoShiftUITests.swift */,
				F48FE4B82746AB6E00950EBE /* Info.plist */,
			);
			path = CoffeeShopCoShiftUITests;
			sourceTree = "<group>";
		};
		F48FE4C42746AB9300950EBE /* Configuration */ = {
			isa = PBXGroup;
			children = (
				F48FE4A22746AB6E00950EBE /* Info.plist */,
				F48FE50E2746E47600950EBE /* .gitignore */,
			);
			path = Configuration;
			sourceTree = "<group>";
		};
		F48FE4C92746AC9100950EBE /* Resources */ = {
			isa = PBXGroup;
			children = (
				F48FE4DD2746B0E900950EBE /* shifts.json */,
				F48FE49D2746AB6E00950EBE /* Assets.xcassets */,
			);
			path = Resources;
			sourceTree = "<group>";
		};
		F48FE4CA2746AC9C00950EBE /* Layers */ = {
			isa = PBXGroup;
			children = (
				F48FE4FC2746BD0C00950EBE /* UI */,
				F48FE4EB2746B21100950EBE /* Network */,
				F48FE4DF2746B1C400950EBE /* Service */,
				F48FE4CB2746ACAF00950EBE /* Business */,
			);
			path = Layers;
			sourceTree = "<group>";
		};
		F48FE4CB2746ACAF00950EBE /* Business */ = {
			isa = PBXGroup;
			children = (
				F48FE4CC2746ACB200950EBE /* Modules */,
			);
			path = Business;
			sourceTree = "<group>";
		};
		F48FE4CC2746ACB200950EBE /* Modules */ = {
			isa = PBXGroup;
			children = (
				F48FE4CD2746ACCC00950EBE /* CoffeeShift */,
				F48FE51027476EAE00950EBE /* CreateShift */,
			);
			path = Modules;
			sourceTree = "<group>";
		};
		F48FE4CD2746ACCC00950EBE /* CoffeeShift */ = {
			isa = PBXGroup;
			children = (
				F48FE4C72746AC5700950EBE /* CoffeeShiftViewController.swift */,
				F48FE4DB2746AEA400950EBE /* CoffeeShiftCoordinator.swift */,
				F48FE4FA2746BCCC00950EBE /* CoffeeShiftsViewModel.swift */,
			);
			path = CoffeeShift;
			sourceTree = "<group>";
		};
		F48FE4CF2746ACFF00950EBE /* Core */ = {
			isa = PBXGroup;
			children = (
				F48FE4F62746B5DC00950EBE /* Constants.swift */,
				F48FE50C2746E38500950EBE /* Color.swift */,
				F48FE5052746C04200950EBE /* Adapater */,
				F48FE4D82746AD8B00950EBE /* Extensions */,
				F48FE4D02746AD3200950EBE /* Coordinator */,
			);
			path = Core;
			sourceTree = "<group>";
		};
		F48FE4D02746AD3200950EBE /* Coordinator */ = {
			isa = PBXGroup;
			children = (
				F48FE4D12746AD3200950EBE /* Storyboarded.swift */,
				F48FE4D22746AD3200950EBE /* Coordinator.swift */,
			);
			path = Coordinator;
			sourceTree = "<group>";
		};
		F48FE4D82746AD8B00950EBE /* Extensions */ = {
			isa = PBXGroup;
			children = (
				F48FE4F22746B2FA00950EBE /* KeyedDecodingContainer+Convenience.swift */,
				F48FE4D92746AD9400950EBE /* UITableView+Ext.swift */,
				F48FE4F82746B6D400950EBE /* Constants+Urls.swift */,
				F48FE4F42746B54100950EBE /* DateFormatter+Format.swift */,
				F48FE50A2746E2D700950EBE /* UIView+Ext.swift */,
			);
			path = Extensions;
			sourceTree = "<group>";
		};
		F48FE4DF2746B1C400950EBE /* Service */ = {
			isa = PBXGroup;
			children = (
				F48FE4E02746B1DE00950EBE /* CoffeeShiftsService */,
				F48FE4E22746B1DE00950EBE /* Model */,
				F48FE4E52746B1DE00950EBE /* Protocol */,
			);
			path = Service;
			sourceTree = "<group>";
		};
		F48FE4E02746B1DE00950EBE /* CoffeeShiftsService */ = {
			isa = PBXGroup;
			children = (
				F48FE4E12746B1DE00950EBE /* CoffeeShiftsService.swift */,
			);
			path = CoffeeShiftsService;
			sourceTree = "<group>";
		};
		F48FE4E22746B1DE00950EBE /* Model */ = {
			isa = PBXGroup;
			children = (
				F48FE4E32746B1DE00950EBE /* CoffeeShifts.swift */,
				F48FE4E42746B1DE00950EBE /* Shift.swift */,
			);
			path = Model;
			sourceTree = "<group>";
		};
		F48FE4E52746B1DE00950EBE /* Protocol */ = {
			isa = PBXGroup;
			children = (
				F48FE4E62746B1DE00950EBE /* CoffeeShiftsServiceProtocol.swift */,
			);
			path = Protocol;
			sourceTree = "<group>";
		};
		F48FE4EB2746B21100950EBE /* Network */ = {
			isa = PBXGroup;
			children = (
				F48FE4EC2746B21100950EBE /* NetworkService.swift */,
				F48FE4ED2746B21100950EBE /* Resource.swift */,
				F48FE4EE2746B21100950EBE /* Client.swift */,
			);
			path = Network;
			sourceTree = "<group>";
		};
		F48FE4FC2746BD0C00950EBE /* UI */ = {
			isa = PBXGroup;
			children = (
				F48FE4FD2746BD0E00950EBE /* Cells */,
			);
			path = UI;
			sourceTree = "<group>";
		};
		F48FE4FD2746BD0E00950EBE /* Cells */ = {
			isa = PBXGroup;
			children = (
				F48FE4FE2746BD1800950EBE /* CoffeeShiftCell */,
			);
			path = Cells;
			sourceTree = "<group>";
		};
		F48FE4FE2746BD1800950EBE /* CoffeeShiftCell */ = {
			isa = PBXGroup;
			children = (
				F48FE4FF2746BD4400950EBE /* CoffeeShiftCellViewModel.swift */,
				F48FE5012746BEF100950EBE /* CoffeeShiftCell.swift */,
				F48FE5022746BEF100950EBE /* CoffeeShiftCell.xib */,
			);
			path = CoffeeShiftCell;
			sourceTree = "<group>";
		};
		F48FE5052746C04200950EBE /* Adapater */ = {
			isa = PBXGroup;
			children = (
				F48FE5062746C04200950EBE /* Adapter.swift */,
			);
			path = Adapater;
			sourceTree = "<group>";
		};
		F48FE51027476EAE00950EBE /* CreateShift */ = {
			isa = PBXGroup;
			children = (
				F48FE51127476ECF00950EBE /* CreateShiftViewController.swift */,
				F48FE51327476F0900950EBE /* CreateShiftViewModel.swift */,
				F48FE51527476F4000950EBE /* CreateShiftCoordinator.swift */,
			);
			path = CreateShift;
			sourceTree = "<group>";
		};
/* End PBXGroup section */

/* Begin PBXNativeTarget section */
		F48FE4902746AB6D00950EBE /* CoffeeShopCoShift */ = {
			isa = PBXNativeTarget;
			buildConfigurationList = F48FE4BB2746AB6E00950EBE /* Build configuration list for PBXNativeTarget "CoffeeShopCoShift" */;
			buildPhases = (
				F48FE48D2746AB6D00950EBE /* Sources */,
				F48FE48E2746AB6D00950EBE /* Frameworks */,
				F48FE48F2746AB6D00950EBE /* Resources */,
			);
			buildRules = (
			);
			dependencies = (
			);
			name = CoffeeShopCoShift;
			productName = CoffeeShopCoShift;
			productReference = F48FE4912746AB6D00950EBE /* CoffeeShopCoShift.app */;
			productType = "com.apple.product-type.application";
		};
		F48FE4A62746AB6E00950EBE /* CoffeeShopCoShiftTests */ = {
			isa = PBXNativeTarget;
			buildConfigurationList = F48FE4BE2746AB6E00950EBE /* Build configuration list for PBXNativeTarget "CoffeeShopCoShiftTests" */;
			buildPhases = (
				F48FE4A32746AB6E00950EBE /* Sources */,
				F48FE4A42746AB6E00950EBE /* Frameworks */,
				F48FE4A52746AB6E00950EBE /* Resources */,
			);
			buildRules = (
			);
			dependencies = (
				F48FE4A92746AB6E00950EBE /* PBXTargetDependency */,
			);
			name = CoffeeShopCoShiftTests;
			productName = CoffeeShopCoShiftTests;
			productReference = F48FE4A72746AB6E00950EBE /* CoffeeShopCoShiftTests.xctest */;
			productType = "com.apple.product-type.bundle.unit-test";
		};
		F48FE4B12746AB6E00950EBE /* CoffeeShopCoShiftUITests */ = {
			isa = PBXNativeTarget;
			buildConfigurationList = F48FE4C12746AB6E00950EBE /* Build configuration list for PBXNativeTarget "CoffeeShopCoShiftUITests" */;
			buildPhases = (
				F48FE4AE2746AB6E00950EBE /* Sources */,
				F48FE4AF2746AB6E00950EBE /* Frameworks */,
				F48FE4B02746AB6E00950EBE /* Resources */,
			);
			buildRules = (
			);
			dependencies = (
				F48FE4B42746AB6E00950EBE /* PBXTargetDependency */,
			);
			name = CoffeeShopCoShiftUITests;
			productName = CoffeeShopCoShiftUITests;
			productReference = F48FE4B22746AB6E00950EBE /* CoffeeShopCoShiftUITests.xctest */;
			productType = "com.apple.product-type.bundle.ui-testing";
		};
/* End PBXNativeTarget section */

/* Begin PBXProject section */
		F48FE4892746AB6D00950EBE /* Project object */ = {
			isa = PBXProject;
			attributes = {
				LastSwiftUpdateCheck = 1250;
				LastUpgradeCheck = 1250;
				TargetAttributes = {
					F48FE4902746AB6D00950EBE = {
						CreatedOnToolsVersion = 12.5.1;
					};
					F48FE4A62746AB6E00950EBE = {
						CreatedOnToolsVersion = 12.5.1;
						TestTargetID = F48FE4902746AB6D00950EBE;
					};
					F48FE4B12746AB6E00950EBE = {
						CreatedOnToolsVersion = 12.5.1;
						TestTargetID = F48FE4902746AB6D00950EBE;
					};
				};
			};
			buildConfigurationList = F48FE48C2746AB6D00950EBE /* Build configuration list for PBXProject "CoffeeShopCoShift" */;
			compatibilityVersion = "Xcode 9.3";
			developmentRegion = en;
			hasScannedForEncodings = 0;
			knownRegions = (
				en,
				Base,
			);
			mainGroup = F48FE4882746AB6D00950EBE;
			productRefGroup = F48FE4922746AB6D00950EBE /* Products */;
			projectDirPath = "";
			projectRoot = "";
			targets = (
				F48FE4902746AB6D00950EBE /* CoffeeShopCoShift */,
				F48FE4A62746AB6E00950EBE /* CoffeeShopCoShiftTests */,
				F48FE4B12746AB6E00950EBE /* CoffeeShopCoShiftUITests */,
			);
		};
/* End PBXProject section */

/* Begin PBXResourcesBuildPhase section */
		F48FE48F2746AB6D00950EBE /* Resources */ = {
			isa = PBXResourcesBuildPhase;
			buildActionMask = 2147483647;
			files = (
				F48FE4DE2746B0E900950EBE /* shifts.json in Resources */,
				F48FE4A12746AB6E00950EBE /* LaunchScreen.storyboard in Resources */,
				F48FE49E2746AB6E00950EBE /* Assets.xcassets in Resources */,
				F48FE5042746BEF100950EBE /* CoffeeShiftCell.xib in Resources */,
				F48FE50F2746E47600950EBE /* .gitignore in Resources */,
				F48FE49C2746AB6D00950EBE /* Main.storyboard in Resources */,
			);
			runOnlyForDeploymentPostprocessing = 0;
		};
		F48FE4A52746AB6E00950EBE /* Resources */ = {
			isa = PBXResourcesBuildPhase;
			buildActionMask = 2147483647;
			files = (
			);
			runOnlyForDeploymentPostprocessing = 0;
		};
		F48FE4B02746AB6E00950EBE /* Resources */ = {
			isa = PBXResourcesBuildPhase;
			buildActionMask = 2147483647;
			files = (
			);
			runOnlyForDeploymentPostprocessing = 0;
		};
/* End PBXResourcesBuildPhase section */

/* Begin PBXSourcesBuildPhase section */
		F48FE48D2746AB6D00950EBE /* Sources */ = {
			isa = PBXSourcesBuildPhase;
			buildActionMask = 2147483647;
			files = (
				F48FE4952746AB6D00950EBE /* AppDelegate.swift in Sources */,
				F48FE4FB2746BCCC00950EBE /* CoffeeShiftsViewModel.swift in Sources */,
				F48FE4DC2746AEA400950EBE /* CoffeeShiftCoordinator.swift in Sources */,
				F48FE5002746BD4400950EBE /* CoffeeShiftCellViewModel.swift in Sources */,
				F48FE4E72746B1DE00950EBE /* CoffeeShiftsService.swift in Sources */,
				F48FE51427476F0A00950EBE /* CreateShiftViewModel.swift in Sources */,
				F48FE4EA2746B1DE00950EBE /* CoffeeShiftsServiceProtocol.swift in Sources */,
				F48FE50D2746E38500950EBE /* Color.swift in Sources */,
				F48FE4E82746B1DE00950EBE /* CoffeeShifts.swift in Sources */,
				F48FE4E92746B1DE00950EBE /* Shift.swift in Sources */,
				F48FE4C82746AC5700950EBE /* CoffeeShiftViewController.swift in Sources */,
				F48FE4F12746B21100950EBE /* Client.swift in Sources */,
				F48FE4D62746AD3200950EBE /* Coordinator.swift in Sources */,
				F48FE5032746BEF100950EBE /* CoffeeShiftCell.swift in Sources */,
				F48FE50B2746E2D700950EBE /* UIView+Ext.swift in Sources */,
				F48FE4DA2746AD9400950EBE /* UITableView+Ext.swift in Sources */,
				F48FE4C62746ABDA00950EBE /* main.swift in Sources */,
				F48FE4EF2746B21100950EBE /* NetworkService.swift in Sources */,
				F48FE4F52746B54100950EBE /* DateFormatter+Format.swift in Sources */,
				F48FE4F32746B2FA00950EBE /* KeyedDecodingContainer+Convenience.swift in Sources */,
				F48FE5072746C04200950EBE /* Adapter.swift in Sources */,
				F48FE51227476ECF00950EBE /* CreateShiftViewController.swift in Sources */,
				F48FE4D52746AD3200950EBE /* Storyboarded.swift in Sources */,
				F48FE4F02746B21100950EBE /* Resource.swift in Sources */,
				F48FE51627476F4000950EBE /* CreateShiftCoordinator.swift in Sources */,
				F48FE4F92746B6D400950EBE /* Constants+Urls.swift in Sources */,
				F48FE4F72746B5DC00950EBE /* Constants.swift in Sources */,
			);
			runOnlyForDeploymentPostprocessing = 0;
		};
		F48FE4A32746AB6E00950EBE /* Sources */ = {
			isa = PBXSourcesBuildPhase;
			buildActionMask = 2147483647;
			files = (
				F48FE4AC2746AB6E00950EBE /* CoffeeShopCoShiftTests.swift in Sources */,
			);
			runOnlyForDeploymentPostprocessing = 0;
		};
		F48FE4AE2746AB6E00950EBE /* Sources */ = {
			isa = PBXSourcesBuildPhase;
			buildActionMask = 2147483647;
			files = (
				F48FE4B72746AB6E00950EBE /* CoffeeShopCoShiftUITests.swift in Sources */,
			);
			runOnlyForDeploymentPostprocessing = 0;
		};
/* End PBXSourcesBuildPhase section */

/* Begin PBXTargetDependency section */
		F48FE4A92746AB6E00950EBE /* PBXTargetDependency */ = {
			isa = PBXTargetDependency;
			target = F48FE4902746AB6D00950EBE /* CoffeeShopCoShift */;
			targetProxy = F48FE4A82746AB6E00950EBE /* PBXContainerItemProxy */;
		};
		F48FE4B42746AB6E00950EBE /* PBXTargetDependency */ = {
			isa = PBXTargetDependency;
			target = F48FE4902746AB6D00950EBE /* CoffeeShopCoShift */;
			targetProxy = F48FE4B32746AB6E00950EBE /* PBXContainerItemProxy */;
		};
/* End PBXTargetDependency section */

/* Begin PBXVariantGroup section */
		F48FE49A2746AB6D00950EBE /* Main.storyboard */ = {
			isa = PBXVariantGroup;
			children = (
				F48FE49B2746AB6D00950EBE /* Base */,
			);
			name = Main.storyboard;
			sourceTree = "<group>";
		};
		F48FE49F2746AB6E00950EBE /* LaunchScreen.storyboard */ = {
			isa = PBXVariantGroup;
			children = (
				F48FE4A02746AB6E00950EBE /* Base */,
			);
			name = LaunchScreen.storyboard;
			sourceTree = "<group>";
		};
/* End PBXVariantGroup section */

/* Begin XCBuildConfiguration section */
		F48FE4B92746AB6E00950EBE /* Debug */ = {
			isa = XCBuildConfiguration;
			buildSettings = {
				ALWAYS_SEARCH_USER_PATHS = NO;
				CLANG_ANALYZER_NONNULL = YES;
				CLANG_ANALYZER_NUMBER_OBJECT_CONVERSION = YES_AGGRESSIVE;
				CLANG_CXX_LANGUAGE_STANDARD = "gnu++14";
				CLANG_CXX_LIBRARY = "libc++";
				CLANG_ENABLE_MODULES = YES;
				CLANG_ENABLE_OBJC_ARC = YES;
				CLANG_ENABLE_OBJC_WEAK = YES;
				CLANG_WARN_BLOCK_CAPTURE_AUTORELEASING = YES;
				CLANG_WARN_BOOL_CONVERSION = YES;
				CLANG_WARN_COMMA = YES;
				CLANG_WARN_CONSTANT_CONVERSION = YES;
				CLANG_WARN_DEPRECATED_OBJC_IMPLEMENTATIONS = YES;
				CLANG_WARN_DIRECT_OBJC_ISA_USAGE = YES_ERROR;
				CLANG_WARN_DOCUMENTATION_COMMENTS = YES;
				CLANG_WARN_EMPTY_BODY = YES;
				CLANG_WARN_ENUM_CONVERSION = YES;
				CLANG_WARN_INFINITE_RECURSION = YES;
				CLANG_WARN_INT_CONVERSION = YES;
				CLANG_WARN_NON_LITERAL_NULL_CONVERSION = YES;
				CLANG_WARN_OBJC_IMPLICIT_RETAIN_SELF = YES;
				CLANG_WARN_OBJC_LITERAL_CONVERSION = YES;
				CLANG_WARN_OBJC_ROOT_CLASS = YES_ERROR;
				CLANG_WARN_QUOTED_INCLUDE_IN_FRAMEWORK_HEADER = YES;
				CLANG_WARN_RANGE_LOOP_ANALYSIS = YES;
				CLANG_WARN_STRICT_PROTOTYPES = YES;
				CLANG_WARN_SUSPICIOUS_MOVE = YES;
				CLANG_WARN_UNGUARDED_AVAILABILITY = YES_AGGRESSIVE;
				CLANG_WARN_UNREACHABLE_CODE = YES;
				CLANG_WARN__DUPLICATE_METHOD_MATCH = YES;
				COPY_PHASE_STRIP = NO;
				DEBUG_INFORMATION_FORMAT = dwarf;
				ENABLE_STRICT_OBJC_MSGSEND = YES;
				ENABLE_TESTABILITY = YES;
				GCC_C_LANGUAGE_STANDARD = gnu11;
				GCC_DYNAMIC_NO_PIC = NO;
				GCC_NO_COMMON_BLOCKS = YES;
				GCC_OPTIMIZATION_LEVEL = 0;
				GCC_PREPROCESSOR_DEFINITIONS = (
					"DEBUG=1",
					"$(inherited)",
				);
				GCC_WARN_64_TO_32_BIT_CONVERSION = YES;
				GCC_WARN_ABOUT_RETURN_TYPE = YES_ERROR;
				GCC_WARN_UNDECLARED_SELECTOR = YES;
				GCC_WARN_UNINITIALIZED_AUTOS = YES_AGGRESSIVE;
				GCC_WARN_UNUSED_FUNCTION = YES;
				GCC_WARN_UNUSED_VARIABLE = YES;
				IPHONEOS_DEPLOYMENT_TARGET = 14.5;
				MTL_ENABLE_DEBUG_INFO = INCLUDE_SOURCE;
				MTL_FAST_MATH = YES;
				ONLY_ACTIVE_ARCH = YES;
				SDKROOT = iphoneos;
				SWIFT_ACTIVE_COMPILATION_CONDITIONS = DEBUG;
				SWIFT_OPTIMIZATION_LEVEL = "-Onone";
			};
			name = Debug;
		};
		F48FE4BA2746AB6E00950EBE /* Release */ = {
			isa = XCBuildConfiguration;
			buildSettings = {
				ALWAYS_SEARCH_USER_PATHS = NO;
				CLANG_ANALYZER_NONNULL = YES;
				CLANG_ANALYZER_NUMBER_OBJECT_CONVERSION = YES_AGGRESSIVE;
				CLANG_CXX_LANGUAGE_STANDARD = "gnu++14";
				CLANG_CXX_LIBRARY = "libc++";
				CLANG_ENABLE_MODULES = YES;
				CLANG_ENABLE_OBJC_ARC = YES;
				CLANG_ENABLE_OBJC_WEAK = YES;
				CLANG_WARN_BLOCK_CAPTURE_AUTORELEASING = YES;
				CLANG_WARN_BOOL_CONVERSION = YES;
				CLANG_WARN_COMMA = YES;
				CLANG_WARN_CONSTANT_CONVERSION = YES;
				CLANG_WARN_DEPRECATED_OBJC_IMPLEMENTATIONS = YES;
				CLANG_WARN_DIRECT_OBJC_ISA_USAGE = YES_ERROR;
				CLANG_WARN_DOCUMENTATION_COMMENTS = YES;
				CLANG_WARN_EMPTY_BODY = YES;
				CLANG_WARN_ENUM_CONVERSION = YES;
				CLANG_WARN_INFINITE_RECURSION = YES;
				CLANG_WARN_INT_CONVERSION = YES;
				CLANG_WARN_NON_LITERAL_NULL_CONVERSION = YES;
				CLANG_WARN_OBJC_IMPLICIT_RETAIN_SELF = YES;
				CLANG_WARN_OBJC_LITERAL_CONVERSION = YES;
				CLANG_WARN_OBJC_ROOT_CLASS = YES_ERROR;
				CLANG_WARN_QUOTED_INCLUDE_IN_FRAMEWORK_HEADER = YES;
				CLANG_WARN_RANGE_LOOP_ANALYSIS = YES;
				CLANG_WARN_STRICT_PROTOTYPES = YES;
				CLANG_WARN_SUSPICIOUS_MOVE = YES;
				CLANG_WARN_UNGUARDED_AVAILABILITY = YES_AGGRESSIVE;
				CLANG_WARN_UNREACHABLE_CODE = YES;
				CLANG_WARN__DUPLICATE_METHOD_MATCH = YES;
				COPY_PHASE_STRIP = NO;
				DEBUG_INFORMATION_FORMAT = "dwarf-with-dsym";
				ENABLE_NS_ASSERTIONS = NO;
				ENABLE_STRICT_OBJC_MSGSEND = YES;
				GCC_C_LANGUAGE_STANDARD = gnu11;
				GCC_NO_COMMON_BLOCKS = YES;
				GCC_WARN_64_TO_32_BIT_CONVERSION = YES;
				GCC_WARN_ABOUT_RETURN_TYPE = YES_ERROR;
				GCC_WARN_UNDECLARED_SELECTOR = YES;
				GCC_WARN_UNINITIALIZED_AUTOS = YES_AGGRESSIVE;
				GCC_WARN_UNUSED_FUNCTION = YES;
				GCC_WARN_UNUSED_VARIABLE = YES;
				IPHONEOS_DEPLOYMENT_TARGET = 14.5;
				MTL_ENABLE_DEBUG_INFO = NO;
				MTL_FAST_MATH = YES;
				SDKROOT = iphoneos;
				SWIFT_COMPILATION_MODE = wholemodule;
				SWIFT_OPTIMIZATION_LEVEL = "-O";
				VALIDATE_PRODUCT = YES;
			};
			name = Release;
		};
		F48FE4BC2746AB6E00950EBE /* Debug */ = {
			isa = XCBuildConfiguration;
			buildSettings = {
				ASSETCATALOG_COMPILER_APPICON_NAME = AppIcon;
				ASSETCATALOG_COMPILER_GLOBAL_ACCENT_COLOR_NAME = AccentColor;
				CODE_SIGN_STYLE = Automatic;
				INFOPLIST_FILE = Configuration/Info.plist;
				LD_RUNPATH_SEARCH_PATHS = (
					"$(inherited)",
					"@executable_path/Frameworks",
				);
				PRODUCT_BUNDLE_IDENTIFIER = com.afsal.CoffeeShopCoShift;
				PRODUCT_NAME = "$(TARGET_NAME)";
				SWIFT_VERSION = 5.0;
				TARGETED_DEVICE_FAMILY = "1,2";
			};
			name = Debug;
		};
		F48FE4BD2746AB6E00950EBE /* Release */ = {
			isa = XCBuildConfiguration;
			buildSettings = {
				ASSETCATALOG_COMPILER_APPICON_NAME = AppIcon;
				ASSETCATALOG_COMPILER_GLOBAL_ACCENT_COLOR_NAME = AccentColor;
				CODE_SIGN_STYLE = Automatic;
				INFOPLIST_FILE = Configuration/Info.plist;
				LD_RUNPATH_SEARCH_PATHS = (
					"$(inherited)",
					"@executable_path/Frameworks",
				);
				PRODUCT_BUNDLE_IDENTIFIER = com.afsal.CoffeeShopCoShift;
				PRODUCT_NAME = "$(TARGET_NAME)";
				SWIFT_VERSION = 5.0;
				TARGETED_DEVICE_FAMILY = "1,2";
			};
			name = Release;
		};
		F48FE4BF2746AB6E00950EBE /* Debug */ = {
			isa = XCBuildConfiguration;
			buildSettings = {
				ALWAYS_EMBED_SWIFT_STANDARD_LIBRARIES = YES;
				BUNDLE_LOADER = "$(TEST_HOST)";
				CODE_SIGN_STYLE = Automatic;
				INFOPLIST_FILE = CoffeeShopCoShiftTests/Info.plist;
				IPHONEOS_DEPLOYMENT_TARGET = 14.5;
				LD_RUNPATH_SEARCH_PATHS = (
					"$(inherited)",
					"@executable_path/Frameworks",
					"@loader_path/Frameworks",
				);
				PRODUCT_BUNDLE_IDENTIFIER = com.afsal.CoffeeShopCoShiftTests;
				PRODUCT_NAME = "$(TARGET_NAME)";
				SWIFT_VERSION = 5.0;
				TARGETED_DEVICE_FAMILY = "1,2";
				TEST_HOST = "$(BUILT_PRODUCTS_DIR)/CoffeeShopCoShift.app/CoffeeShopCoShift";
			};
			name = Debug;
		};
		F48FE4C02746AB6E00950EBE /* Release */ = {
			isa = XCBuildConfiguration;
			buildSettings = {
				ALWAYS_EMBED_SWIFT_STANDARD_LIBRARIES = YES;
				BUNDLE_LOADER = "$(TEST_HOST)";
				CODE_SIGN_STYLE = Automatic;
				INFOPLIST_FILE = CoffeeShopCoShiftTests/Info.plist;
				IPHONEOS_DEPLOYMENT_TARGET = 14.5;
				LD_RUNPATH_SEARCH_PATHS = (
					"$(inherited)",
					"@executable_path/Frameworks",
					"@loader_path/Frameworks",
				);
				PRODUCT_BUNDLE_IDENTIFIER = com.afsal.CoffeeShopCoShiftTests;
				PRODUCT_NAME = "$(TARGET_NAME)";
				SWIFT_VERSION = 5.0;
				TARGETED_DEVICE_FAMILY = "1,2";
				TEST_HOST = "$(BUILT_PRODUCTS_DIR)/CoffeeShopCoShift.app/CoffeeShopCoShift";
			};
			name = Release;
		};
		F48FE4C22746AB6E00950EBE /* Debug */ = {
			isa = XCBuildConfiguration;
			buildSettings = {
				ALWAYS_EMBED_SWIFT_STANDARD_LIBRARIES = YES;
				CODE_SIGN_STYLE = Automatic;
				INFOPLIST_FILE = CoffeeShopCoShiftUITests/Info.plist;
				LD_RUNPATH_SEARCH_PATHS = (
					"$(inherited)",
					"@executable_path/Frameworks",
					"@loader_path/Frameworks",
				);
				PRODUCT_BUNDLE_IDENTIFIER = com.afsal.CoffeeShopCoShiftUITests;
				PRODUCT_NAME = "$(TARGET_NAME)";
				SWIFT_VERSION = 5.0;
				TARGETED_DEVICE_FAMILY = "1,2";
				TEST_TARGET_NAME = CoffeeShopCoShift;
			};
			name = Debug;
		};
		F48FE4C32746AB6E00950EBE /* Release */ = {
			isa = XCBuildConfiguration;
			buildSettings = {
				ALWAYS_EMBED_SWIFT_STANDARD_LIBRARIES = YES;
				CODE_SIGN_STYLE = Automatic;
				INFOPLIST_FILE = CoffeeShopCoShiftUITests/Info.plist;
				LD_RUNPATH_SEARCH_PATHS = (
					"$(inherited)",
					"@executable_path/Frameworks",
					"@loader_path/Frameworks",
				);
				PRODUCT_BUNDLE_IDENTIFIER = com.afsal.CoffeeShopCoShiftUITests;
				PRODUCT_NAME = "$(TARGET_NAME)";
				SWIFT_VERSION = 5.0;
				TARGETED_DEVICE_FAMILY = "1,2";
				TEST_TARGET_NAME = CoffeeShopCoShift;
			};
			name = Release;
		};
/* End XCBuildConfiguration section */

/* Begin XCConfigurationList section */
		F48FE48C2746AB6D00950EBE /* Build configuration list for PBXProject "CoffeeShopCoShift" */ = {
			isa = XCConfigurationList;
			buildConfigurations = (
				F48FE4B92746AB6E00950EBE /* Debug */,
				F48FE4BA2746AB6E00950EBE /* Release */,
			);
			defaultConfigurationIsVisible = 0;
			defaultConfigurationName = Release;
		};
		F48FE4BB2746AB6E00950EBE /* Build configuration list for PBXNativeTarget "CoffeeShopCoShift" */ = {
			isa = XCConfigurationList;
			buildConfigurations = (
				F48FE4BC2746AB6E00950EBE /* Debug */,
				F48FE4BD2746AB6E00950EBE /* Release */,
			);
			defaultConfigurationIsVisible = 0;
			defaultConfigurationName = Release;
		};
		F48FE4BE2746AB6E00950EBE /* Build configuration list for PBXNativeTarget "CoffeeShopCoShiftTests" */ = {
			isa = XCConfigurationList;
			buildConfigurations = (
				F48FE4BF2746AB6E00950EBE /* Debug */,
				F48FE4C02746AB6E00950EBE /* Release */,
			);
			defaultConfigurationIsVisible = 0;
			defaultConfigurationName = Release;
		};
		F48FE4C12746AB6E00950EBE /* Build configuration list for PBXNativeTarget "CoffeeShopCoShiftUITests" */ = {
			isa = XCConfigurationList;
			buildConfigurations = (
				F48FE4C22746AB6E00950EBE /* Debug */,
				F48FE4C32746AB6E00950EBE /* Release */,
			);
			defaultConfigurationIsVisible = 0;
			defaultConfigurationName = Release;
		};
/* End XCConfigurationList section */
	};
	rootObject = F48FE4892746AB6D00950EBE /* Project object */;
}
